
Microsoft Visual Studio Solution File, Format Version 12.00
# Visual Studio 15
VisualStudioVersion = 15.0.28307.271
MinimumVisualStudioVersion = 10.0.40219.1
Project("{FAE04EC0-301F-11D3-BF4B-00C04F79EFBC}") = "Task 2", "Task 2\Task 2.csproj", "{83BA630B-81A4-4067-A919-C93C830FEF5A}"
EndProject
Global
	GlobalSection(SolutionConfigurationPlatforms) = preSolution
		Debug|Any CPU = Debug|Any CPU
		Release|Any CPU = Release|Any CPU
	EndGlobalSection
	GlobalSection(ProjectConfigurationPlatforms) = postSolution
		{83BA630B-81A4-4067-A919-C93C830FEF5A}.Debug|Any CPU.ActiveCfg = Debug|Any CPU
		{83BA630B-81A4-4067-A919-C93C830FEF5A}.Debug|Any CPU.Build.0 = Debug|Any CPU
		{83BA630B-81A4-4067-A919-C93C830FEF5A}.Release|Any CPU.ActiveCfg = Release|Any CPU
		{83BA630B-81A4-4067-A919-C93C830FEF5A}.Release|Any CPU.Build.0 = Release|Any CPU
	EndGlobalSection
	GlobalSection(SolutionProperties) = preSolution
		HideSolutionNode = FALSE
	EndGlobalSection
	GlobalSection(ExtensibilityGlobals) = postSolution
		SolutionGuid = {15F4DD4F-D287-4DA9-85BA-E8A4DDD16344}
	EndGlobalSection
EndGlobal
