
Microsoft Visual Studio Solution File, Format Version 12.00
# Visual Studio 15
VisualStudioVersion = 15.0.28307.271
MinimumVisualStudioVersion = 10.0.40219.1
Project("{FAE04EC0-301F-11D3-BF4B-00C04F79EFBC}") = "Task 1(1)", "Task 1(1)\Task 1(1).csproj", "{EE5142F9-69A6-49AD-9788-19AB1DB43FEC}"
EndProject
Global
	GlobalSection(SolutionConfigurationPlatforms) = preSolution
		Debug|Any CPU = Debug|Any CPU
		Release|Any CPU = Release|Any CPU
	EndGlobalSection
	GlobalSection(ProjectConfigurationPlatforms) = postSolution
		{EE5142F9-69A6-49AD-9788-19AB1DB43FEC}.Debug|Any CPU.ActiveCfg = Debug|Any CPU
		{EE5142F9-69A6-49AD-9788-19AB1DB43FEC}.Debug|Any CPU.Build.0 = Debug|Any CPU
		{EE5142F9-69A6-49AD-9788-19AB1DB43FEC}.Release|Any CPU.ActiveCfg = Release|Any CPU
		{EE5142F9-69A6-49AD-9788-19AB1DB43FEC}.Release|Any CPU.Build.0 = Release|Any CPU
	EndGlobalSection
	GlobalSection(SolutionProperties) = preSolution
		HideSolutionNode = FALSE
	EndGlobalSection
	GlobalSection(ExtensibilityGlobals) = postSolution
		SolutionGuid = {D953B061-CE31-4207-B8BF-113DA32D7ACB}
	EndGlobalSection
EndGlobal
