
Microsoft Visual Studio Solution File, Format Version 12.00
# Visual Studio 15
VisualStudioVersion = 15.0.28307.421
MinimumVisualStudioVersion = 10.0.40219.1
Project("{FAE04EC0-301F-11D3-BF4B-00C04F79EFBC}") = "Square", "Square\Square.csproj", "{A94631A8-F9C3-4511-96A5-665CEB9BD864}"
EndProject
Global
	GlobalSection(SolutionConfigurationPlatforms) = preSolution
		Debug|Any CPU = Debug|Any CPU
		Release|Any CPU = Release|Any CPU
	EndGlobalSection
	GlobalSection(ProjectConfigurationPlatforms) = postSolution
		{A94631A8-F9C3-4511-96A5-665CEB9BD864}.Debug|Any CPU.ActiveCfg = Debug|Any CPU
		{A94631A8-F9C3-4511-96A5-665CEB9BD864}.Debug|Any CPU.Build.0 = Debug|Any CPU
		{A94631A8-F9C3-4511-96A5-665CEB9BD864}.Release|Any CPU.ActiveCfg = Release|Any CPU
		{A94631A8-F9C3-4511-96A5-665CEB9BD864}.Release|Any CPU.Build.0 = Release|Any CPU
	EndGlobalSection
	GlobalSection(SolutionProperties) = preSolution
		HideSolutionNode = FALSE
	EndGlobalSection
	GlobalSection(ExtensibilityGlobals) = postSolution
		SolutionGuid = {A2D37D8C-FAB1-40DE-A75A-DB618D0F75CC}
	EndGlobalSection
EndGlobal
